
Microsoft Visual Studio Solution File, Format Version 12.00
# Visual Studio Version 17
VisualStudioVersion = 17.5.33502.453
MinimumVisualStudioVersion = 10.0.40219.1
Project("{FAE04EC0-301F-11D3-BF4B-00C04F79EFBC}") = "FigureConsole", "FigureConsole\FigureConsole.csproj", "{64730EA6-71D2-4744-8FCF-7A623C215605}"
EndProject
Project("{FAE04EC0-301F-11D3-BF4B-00C04F79EFBC}") = "Figures", "Figures\Figures.csproj", "{31A84F90-9CFD-4F95-83E0-C3B2F683DA07}"
EndProject
Project("{FAE04EC0-301F-11D3-BF4B-00C04F79EFBC}") = "TestFigure", "TestFigure\TestFigure.csproj", "{250F8559-CF50-4A5B-934A-20E20C48A66E}"
EndProject
Global
	GlobalSection(SolutionConfigurationPlatforms) = preSolution
		Debug|Any CPU = Debug|Any CPU
		Release|Any CPU = Release|Any CPU
	EndGlobalSection
	GlobalSection(ProjectConfigurationPlatforms) = postSolution
		{64730EA6-71D2-4744-8FCF-7A623C215605}.Debug|Any CPU.ActiveCfg = Debug|Any CPU
		{64730EA6-71D2-4744-8FCF-7A623C215605}.Debug|Any CPU.Build.0 = Debug|Any CPU
		{64730EA6-71D2-4744-8FCF-7A623C215605}.Release|Any CPU.ActiveCfg = Release|Any CPU
		{64730EA6-71D2-4744-8FCF-7A623C215605}.Release|Any CPU.Build.0 = Release|Any CPU
		{31A84F90-9CFD-4F95-83E0-C3B2F683DA07}.Debug|Any CPU.ActiveCfg = Debug|Any CPU
		{31A84F90-9CFD-4F95-83E0-C3B2F683DA07}.Debug|Any CPU.Build.0 = Debug|Any CPU
		{31A84F90-9CFD-4F95-83E0-C3B2F683DA07}.Release|Any CPU.ActiveCfg = Release|Any CPU
		{31A84F90-9CFD-4F95-83E0-C3B2F683DA07}.Release|Any CPU.Build.0 = Release|Any CPU
		{250F8559-CF50-4A5B-934A-20E20C48A66E}.Debug|Any CPU.ActiveCfg = Debug|Any CPU
		{250F8559-CF50-4A5B-934A-20E20C48A66E}.Debug|Any CPU.Build.0 = Debug|Any CPU
		{250F8559-CF50-4A5B-934A-20E20C48A66E}.Release|Any CPU.ActiveCfg = Release|Any CPU
		{250F8559-CF50-4A5B-934A-20E20C48A66E}.Release|Any CPU.Build.0 = Release|Any CPU
	EndGlobalSection
	GlobalSection(SolutionProperties) = preSolution
		HideSolutionNode = FALSE
	EndGlobalSection
	GlobalSection(ExtensibilityGlobals) = postSolution
		SolutionGuid = {4FA48164-BDB8-490C-876C-E0B78F7A13CB}
	EndGlobalSection
EndGlobal
